lockfileVersion: '6.0'

settings:
  autoInstallPeers: true
  excludeLinksFromLockfile: false

overrides:
  '@productdevbook/ts-i18n': ^1.2.1

dependencies:
  '@productdevbook/ts-i18n':
    specifier: ^1.2.1
    version: 1.2.1
  jiti:
    specifier: ^1.18.2
    version: 1.18.2

devDependencies:
  typescript:
    specifier: ^5.2.2
    version: 5.2.2

packages:

  /@productdevbook/ts-i18n@1.2.1:
    resolution: {integrity: sha512-physFfwb1654UhH6uGOi7h3mcTswdYx86IormTZ/VZ8KPkjIwRRJNXyorgOh5VosLRU07JRTgE98/8Vip9SkHw==}
    engines: {node: '>=16'}
    dev: false

  /jiti@1.18.2:
    resolution: {integrity: sha512-QAdOptna2NYiSSpv0O/BwoHBSmz4YhpzJHyi+fnMRTXFjp7B8i/YG5Z8IfusxB1ufjcD2Sre1F3R+nX3fvy7gg==}
    hasBin: true
    dev: false

  /typescript@5.2.2:
    resolution: {integrity: sha512-mI4WrpHsbCIcwT9cF4FZvr80QUeKvsUsUvKDoR+X/7XHQH98xYD8YHZg7ANtz2GtZt/CBq2QJ0thkGJMHfqc1w==}
    engines: {node: '>=14.17'}
    hasBin: true
    dev: true
