lockfileVersion: '6.0'

settings:
  autoInstallPeers: true
  excludeLinksFromLockfile: false

overrides:
  '@productdevbook/ts-i18n': ^1.2.1

dependencies:
  '@productdevbook/ts-i18n':
    specifier: ^1.2.1
    version: 1.2.1
  jiti:
    specifier: ^1.19.3
    version: 1.19.3

devDependencies:
  typescript:
    specifier: ^5.2.2
    version: 5.2.2

packages:

  /@productdevbook/ts-i18n@1.2.1:
    resolution: {integrity: sha512-physFfwb1654UhH6uGOi7h3mcTswdYx86IormTZ/VZ8KPkjIwRRJNXyorgOh5VosLRU07JRTgE98/8Vip9SkHw==}
    engines: {node: '>=16'}
    dev: false

  /jiti@1.19.3:
    resolution: {integrity: sha512-5eEbBDQT/jF1xg6l36P+mWGGoH9Spuy0PCdSr2dtWRDGC6ph/w9ZCL4lmESW8f8F7MwT3XKescfP0wnZWAKL9w==}
    hasBin: true
    dev: false

  /typescript@5.2.2:
    resolution: {integrity: sha512-mI4WrpHsbCIcwT9cF4FZvr80QUeKvsUsUvKDoR+X/7XHQH98xYD8YHZg7ANtz2GtZt/CBq2QJ0thkGJMHfqc1w==}
    engines: {node: '>=14.17'}
    hasBin: true
    dev: true
