lockfileVersion: '6.0'

settings:
  autoInstallPeers: true
  excludeLinksFromLockfile: false

overrides:
  '@productdevbook/ts-i18n': ^1.3.0

dependencies:
  '@productdevbook/ts-i18n':
    specifier: ^1.3.0
    version: 1.3.0
  jiti:
    specifier: ^1.20.0
    version: 1.20.0

devDependencies:
  typescript:
    specifier: ^5.2.2
    version: 5.2.2

packages:

  /@productdevbook/ts-i18n@1.3.0:
    resolution: {integrity: sha512-BU/3wWyL76NJ0LFWdXWyTPKwtJjr3YZaYmtwuZtJbTh3CpIO+hQdvCKpOqS/ntEg+0Nj0zXoZg0IORCe8Gfx2Q==}
    engines: {node: '>=16'}
    dev: false

  /jiti@1.20.0:
    resolution: {integrity: sha512-3TV69ZbrvV6U5DfQimop50jE9Dl6J8O1ja1dvBbMba/sZ3YBEQqJ2VZRoQPVnhlzjNtU1vaXRZVrVjU4qtm8yA==}
    hasBin: true
    dev: false

  /typescript@5.2.2:
    resolution: {integrity: sha512-mI4WrpHsbCIcwT9cF4FZvr80QUeKvsUsUvKDoR+X/7XHQH98xYD8YHZg7ANtz2GtZt/CBq2QJ0thkGJMHfqc1w==}
    engines: {node: '>=14.17'}
    hasBin: true
    dev: true
